
Microsoft Visual Studio Solution File, Format Version 12.00
# Visual Studio Version 18
VisualStudioVersion = 18.8.12021.73 stable
MinimumVisualStudioVersion = 10.0.40219.1
Project("{FAE04EC0-301F-11D3-BF4B-00C04F79EFBC}") = "Tests", "Tests\Tests.csproj", "{EFD185AE-5554-42A8-87B4-12446430FAF8}"
EndProject
Project("{FAE04EC0-301F-11D3-BF4B-00C04F79EFBC}") = "EventManagment.Bookings.Presentation", "Services\Bookings\Presentation\EventManagment.Bookings.Presentation.csproj", "{DAEEF825-296E-DC3C-E438-B5FC37CC2DC9}"
EndProject
Project("{FAE04EC0-301F-11D3-BF4B-00C04F79EFBC}") = "EventManagement.Bookings.Application", "Services\Bookings\Application\EventManagement.Bookings.Application.csproj", "{D9202A80-51D2-2E5E-F06D-933A3CE3C4D1}"
EndProject
Project("{FAE04EC0-301F-11D3-BF4B-00C04F79EFBC}") = "EventManagement.Bookings.Domain", "Services\Bookings\Domain\EventManagement.Bookings.Domain.csproj", "{29ACEFC3-617F-2E18-91CC-D35DC0B111B5}"
EndProject
Project("{FAE04EC0-301F-11D3-BF4B-00C04F79EFBC}") = "EventManagement.Bookings.Infrastructure", "Services\Bookings\Infrastructure\EventManagement.Bookings.Infrastructure.csproj", "{2459E99A-A1A3-092C-E974-22F69F3E5415}"
EndProject
Project("{FAE04EC0-301F-11D3-BF4B-00C04F79EFBC}") = "EventManagement.Shared", "Shared\EventManagement.Shared.csproj", "{31FD7006-328D-551E-7176-15F67C55E132}"
EndProject
Project("{FAE04EC0-301F-11D3-BF4B-00C04F79EFBC}") = "EventManagement.Events.Application", "Services\Events\Application\EventManagement.Events.Application.csproj", "{D11FB18D-3189-5740-9888-5F7FA8E197CD}"
EndProject
Project("{FAE04EC0-301F-11D3-BF4B-00C04F79EFBC}") = "EventManagement.Events.Domain", "Services\Events\Domain\EventManagement.Events.Domain.csproj", "{7109AF50-A373-5C7B-7374-1C1B2BDA08A5}"
EndProject
Project("{FAE04EC0-301F-11D3-BF4B-00C04F79EFBC}") = "EventManagement.Events.Infrastructure", "Services\Events\Infrastructure\EventManagement.Events.Infrastructure.csproj", "{D9768308-AEDD-7202-7049-7BD61D3C67CA}"
EndProject
Project("{FAE04EC0-301F-11D3-BF4B-00C04F79EFBC}") = "EventManagment.Events.Presentation", "Services\Events\Presentation\EventManagment.Events.Presentation.csproj", "{044CEDFE-14F2-F43C-DA9B-ACB3A7164308}"
EndProject
Project("{FAE04EC0-301F-11D3-BF4B-00C04F79EFBC}") = "EventManagement.Users.Application", "Services\Users\Application\EventManagement.Users.Application.csproj", "{61A63277-31BB-4186-B6BE-393814EE3DB3}"
EndProject
Project("{FAE04EC0-301F-11D3-BF4B-00C04F79EFBC}") = "EventManagement.Users.Domain", "Services\Users\Domain\EventManagement.Users.Domain.csproj", "{EF2A6F27-6A88-9CD4-DC6B-A782F1F9C514}"
EndProject
Project("{FAE04EC0-301F-11D3-BF4B-00C04F79EFBC}") = "EventManagement.Users.Infrastructure", "Services\Users\Infrastructure\EventManagement.Users.Infrastructure.csproj", "{4A97425A-38E8-EBB2-DBDD-D79C3DF383CE}"
EndProject
Project("{FAE04EC0-301F-11D3-BF4B-00C04F79EFBC}") = "EventManagment.Users.Presentation", "Services\Users\Presentation\EventManagment.Users.Presentation.csproj", "{04FCED6E-9988-8E90-BE7F-569EB27A55C5}"
EndProject
Global
	GlobalSection(SolutionConfigurationPlatforms) = preSolution
		Debug|Any CPU = Debug|Any CPU
		Debug|x64 = Debug|x64
		Debug|x86 = Debug|x86
		Release|Any CPU = Release|Any CPU
		Release|x64 = Release|x64
		Release|x86 = Release|x86
	EndGlobalSection
	GlobalSection(ProjectConfigurationPlatforms) = postSolution
		{EFD185AE-5554-42A8-87B4-12446430FAF8}.Debug|Any CPU.ActiveCfg = Debug|Any CPU
		{EFD185AE-5554-42A8-87B4-12446430FAF8}.Debug|Any CPU.Build.0 = Debug|Any CPU
		{EFD185AE-5554-42A8-87B4-12446430FAF8}.Debug|x64.ActiveCfg = Debug|Any CPU
		{EFD185AE-5554-42A8-87B4-12446430FAF8}.Debug|x64.Build.0 = Debug|Any CPU
		{EFD185AE-5554-42A8-87B4-12446430FAF8}.Debug|x86.ActiveCfg = Debug|Any CPU
		{EFD185AE-5554-42A8-87B4-12446430FAF8}.Debug|x86.Build.0 = Debug|Any CPU
		{EFD185AE-5554-42A8-87B4-12446430FAF8}.Release|Any CPU.ActiveCfg = Release|Any CPU
		{EFD185AE-5554-42A8-87B4-12446430FAF8}.Release|Any CPU.Build.0 = Release|Any CPU
		{EFD185AE-5554-42A8-87B4-12446430FAF8}.Release|x64.ActiveCfg = Release|Any CPU
		{EFD185AE-5554-42A8-87B4-12446430FAF8}.Release|x64.Build.0 = Release|Any CPU
		{EFD185AE-5554-42A8-87B4-12446430FAF8}.Release|x86.ActiveCfg = Release|Any CPU
		{EFD185AE-5554-42A8-87B4-12446430FAF8}.Release|x86.Build.0 = Release|Any CPU
		{DAEEF825-296E-DC3C-E438-B5FC37CC2DC9}.Debug|Any CPU.ActiveCfg = Debug|Any CPU
		{DAEEF825-296E-DC3C-E438-B5FC37CC2DC9}.Debug|Any CPU.Build.0 = Debug|Any CPU
		{DAEEF825-296E-DC3C-E438-B5FC37CC2DC9}.Debug|x64.ActiveCfg = Debug|Any CPU
		{DAEEF825-296E-DC3C-E438-B5FC37CC2DC9}.Debug|x64.Build.0 = Debug|Any CPU
		{DAEEF825-296E-DC3C-E438-B5FC37CC2DC9}.Debug|x86.ActiveCfg = Debug|Any CPU
		{DAEEF825-296E-DC3C-E438-B5FC37CC2DC9}.Debug|x86.Build.0 = Debug|Any CPU
		{DAEEF825-296E-DC3C-E438-B5FC37CC2DC9}.Release|Any CPU.ActiveCfg = Release|Any CPU
		{DAEEF825-296E-DC3C-E438-B5FC37CC2DC9}.Release|Any CPU.Build.0 = Release|Any CPU
		{DAEEF825-296E-DC3C-E438-B5FC37CC2DC9}.Release|x64.ActiveCfg = Release|Any CPU
		{DAEEF825-296E-DC3C-E438-B5FC37CC2DC9}.Release|x64.Build.0 = Release|Any CPU
		{DAEEF825-296E-DC3C-E438-B5FC37CC2DC9}.Release|x86.ActiveCfg = Release|Any CPU
		{DAEEF825-296E-DC3C-E438-B5FC37CC2DC9}.Release|x86.Build.0 = Release|Any CPU
		{D9202A80-51D2-2E5E-F06D-933A3CE3C4D1}.Debug|Any CPU.ActiveCfg = Debug|Any CPU
		{D9202A80-51D2-2E5E-F06D-933A3CE3C4D1}.Debug|Any CPU.Build.0 = Debug|Any CPU
		{D9202A80-51D2-2E5E-F06D-933A3CE3C4D1}.Debug|x64.ActiveCfg = Debug|Any CPU
		{D9202A80-51D2-2E5E-F06D-933A3CE3C4D1}.Debug|x64.Build.0 = Debug|Any CPU
		{D9202A80-51D2-2E5E-F06D-933A3CE3C4D1}.Debug|x86.ActiveCfg = Debug|Any CPU
		{D9202A80-51D2-2E5E-F06D-933A3CE3C4D1}.Debug|x86.Build.0 = Debug|Any CPU
		{D9202A80-51D2-2E5E-F06D-933A3CE3C4D1}.Release|Any CPU.ActiveCfg = Release|Any CPU
		{D9202A80-51D2-2E5E-F06D-933A3CE3C4D1}.Release|Any CPU.Build.0 = Release|Any CPU
		{D9202A80-51D2-2E5E-F06D-933A3CE3C4D1}.Release|x64.ActiveCfg = Release|Any CPU
		{D9202A80-51D2-2E5E-F06D-933A3CE3C4D1}.Release|x64.Build.0 = Release|Any CPU
		{D9202A80-51D2-2E5E-F06D-933A3CE3C4D1}.Release|x86.ActiveCfg = Release|Any CPU
		{D9202A80-51D2-2E5E-F06D-933A3CE3C4D1}.Release|x86.Build.0 = Release|Any CPU
		{29ACEFC3-617F-2E18-91CC-D35DC0B111B5}.Debug|Any CPU.ActiveCfg = Debug|Any CPU
		{29ACEFC3-617F-2E18-91CC-D35DC0B111B5}.Debug|Any CPU.Build.0 = Debug|Any CPU
		{29ACEFC3-617F-2E18-91CC-D35DC0B111B5}.Debug|x64.ActiveCfg = Debug|Any CPU
		{29ACEFC3-617F-2E18-91CC-D35DC0B111B5}.Debug|x64.Build.0 = Debug|Any CPU
		{29ACEFC3-617F-2E18-91CC-D35DC0B111B5}.Debug|x86.ActiveCfg = Debug|Any CPU
		{29ACEFC3-617F-2E18-91CC-D35DC0B111B5}.Debug|x86.Build.0 = Debug|Any CPU
		{29ACEFC3-617F-2E18-91CC-D35DC0B111B5}.Release|Any CPU.ActiveCfg = Release|Any CPU
		{29ACEFC3-617F-2E18-91CC-D35DC0B111B5}.Release|Any CPU.Build.0 = Release|Any CPU
		{29ACEFC3-617F-2E18-91CC-D35DC0B111B5}.Release|x64.ActiveCfg = Release|Any CPU
		{29ACEFC3-617F-2E18-91CC-D35DC0B111B5}.Release|x64.Build.0 = Release|Any CPU
		{29ACEFC3-617F-2E18-91CC-D35DC0B111B5}.Release|x86.ActiveCfg = Release|Any CPU
		{29ACEFC3-617F-2E18-91CC-D35DC0B111B5}.Release|x86.Build.0 = Release|Any CPU
		{2459E99A-A1A3-092C-E974-22F69F3E5415}.Debug|Any CPU.ActiveCfg = Debug|Any CPU
		{2459E99A-A1A3-092C-E974-22F69F3E5415}.Debug|Any CPU.Build.0 = Debug|Any CPU
		{2459E99A-A1A3-092C-E974-22F69F3E5415}.Debug|x64.ActiveCfg = Debug|Any CPU
		{2459E99A-A1A3-092C-E974-22F69F3E5415}.Debug|x64.Build.0 = Debug|Any CPU
		{2459E99A-A1A3-092C-E974-22F69F3E5415}.Debug|x86.ActiveCfg = Debug|Any CPU
		{2459E99A-A1A3-092C-E974-22F69F3E5415}.Debug|x86.Build.0 = Debug|Any CPU
		{2459E99A-A1A3-092C-E974-22F69F3E5415}.Release|Any CPU.ActiveCfg = Release|Any CPU
		{2459E99A-A1A3-092C-E974-22F69F3E5415}.Release|Any CPU.Build.0 = Release|Any CPU
		{2459E99A-A1A3-092C-E974-22F69F3E5415}.Release|x64.ActiveCfg = Release|Any CPU
		{2459E99A-A1A3-092C-E974-22F69F3E5415}.Release|x64.Build.0 = Release|Any CPU
		{2459E99A-A1A3-092C-E974-22F69F3E5415}.Release|x86.ActiveCfg = Release|Any CPU
		{2459E99A-A1A3-092C-E974-22F69F3E5415}.Release|x86.Build.0 = Release|Any CPU
		{31FD7006-328D-551E-7176-15F67C55E132}.Debug|Any CPU.ActiveCfg = Debug|Any CPU
		{31FD7006-328D-551E-7176-15F67C55E132}.Debug|Any CPU.Build.0 = Debug|Any CPU
		{31FD7006-328D-551E-7176-15F67C55E132}.Debug|x64.ActiveCfg = Debug|Any CPU
		{31FD7006-328D-551E-7176-15F67C55E132}.Debug|x64.Build.0 = Debug|Any CPU
		{31FD7006-328D-551E-7176-15F67C55E132}.Debug|x86.ActiveCfg = Debug|Any CPU
		{31FD7006-328D-551E-7176-15F67C55E132}.Debug|x86.Build.0 = Debug|Any CPU
		{31FD7006-328D-551E-7176-15F67C55E132}.Release|Any CPU.ActiveCfg = Release|Any CPU
		{31FD7006-328D-551E-7176-15F67C55E132}.Release|Any CPU.Build.0 = Release|Any CPU
		{31FD7006-328D-551E-7176-15F67C55E132}.Release|x64.ActiveCfg = Release|Any CPU
		{31FD7006-328D-551E-7176-15F67C55E132}.Release|x64.Build.0 = Release|Any CPU
		{31FD7006-328D-551E-7176-15F67C55E132}.Release|x86.ActiveCfg = Release|Any CPU
		{31FD7006-328D-551E-7176-15F67C55E132}.Release|x86.Build.0 = Release|Any CPU
		{D11FB18D-3189-5740-9888-5F7FA8E197CD}.Debug|Any CPU.ActiveCfg = Debug|Any CPU
		{D11FB18D-3189-5740-9888-5F7FA8E197CD}.Debug|Any CPU.Build.0 = Debug|Any CPU
		{D11FB18D-3189-5740-9888-5F7FA8E197CD}.Debug|x64.ActiveCfg = Debug|Any CPU
		{D11FB18D-3189-5740-9888-5F7FA8E197CD}.Debug|x64.Build.0 = Debug|Any CPU
		{D11FB18D-3189-5740-9888-5F7FA8E197CD}.Debug|x86.ActiveCfg = Debug|Any CPU
		{D11FB18D-3189-5740-9888-5F7FA8E197CD}.Debug|x86.Build.0 = Debug|Any CPU
		{D11FB18D-3189-5740-9888-5F7FA8E197CD}.Release|Any CPU.ActiveCfg = Release|Any CPU
		{D11FB18D-3189-5740-9888-5F7FA8E197CD}.Release|Any CPU.Build.0 = Release|Any CPU
		{D11FB18D-3189-5740-9888-5F7FA8E197CD}.Release|x64.ActiveCfg = Release|Any CPU
		{D11FB18D-3189-5740-9888-5F7FA8E197CD}.Release|x64.Build.0 = Release|Any CPU
		{D11FB18D-3189-5740-9888-5F7FA8E197CD}.Release|x86.ActiveCfg = Release|Any CPU
		{D11FB18D-3189-5740-9888-5F7FA8E197CD}.Release|x86.Build.0 = Release|Any CPU
		{7109AF50-A373-5C7B-7374-1C1B2BDA08A5}.Debug|Any CPU.ActiveCfg = Debug|Any CPU
		{7109AF50-A373-5C7B-7374-1C1B2BDA08A5}.Debug|Any CPU.Build.0 = Debug|Any CPU
		{7109AF50-A373-5C7B-7374-1C1B2BDA08A5}.Debug|x64.ActiveCfg = Debug|Any CPU
		{7109AF50-A373-5C7B-7374-1C1B2BDA08A5}.Debug|x64.Build.0 = Debug|Any CPU
		{7109AF50-A373-5C7B-7374-1C1B2BDA08A5}.Debug|x86.ActiveCfg = Debug|Any CPU
		{7109AF50-A373-5C7B-7374-1C1B2BDA08A5}.Debug|x86.Build.0 = Debug|Any CPU
		{7109AF50-A373-5C7B-7374-1C1B2BDA08A5}.Release|Any CPU.ActiveCfg = Release|Any CPU
		{7109AF50-A373-5C7B-7374-1C1B2BDA08A5}.Release|Any CPU.Build.0 = Release|Any CPU
		{7109AF50-A373-5C7B-7374-1C1B2BDA08A5}.Release|x64.ActiveCfg = Release|Any CPU
		{7109AF50-A373-5C7B-7374-1C1B2BDA08A5}.Release|x64.Build.0 = Release|Any CPU
		{7109AF50-A373-5C7B-7374-1C1B2BDA08A5}.Release|x86.ActiveCfg = Release|Any CPU
		{7109AF50-A373-5C7B-7374-1C1B2BDA08A5}.Release|x86.Build.0 = Release|Any CPU
		{D9768308-AEDD-7202-7049-7BD61D3C67CA}.Debug|Any CPU.ActiveCfg = Debug|Any CPU
		{D9768308-AEDD-7202-7049-7BD61D3C67CA}.Debug|Any CPU.Build.0 = Debug|Any CPU
		{D9768308-AEDD-7202-7049-7BD61D3C67CA}.Debug|x64.ActiveCfg = Debug|Any CPU
		{D9768308-AEDD-7202-7049-7BD61D3C67CA}.Debug|x64.Build.0 = Debug|Any CPU
		{D9768308-AEDD-7202-7049-7BD61D3C67CA}.Debug|x86.ActiveCfg = Debug|Any CPU
		{D9768308-AEDD-7202-7049-7BD61D3C67CA}.Debug|x86.Build.0 = Debug|Any CPU
		{D9768308-AEDD-7202-7049-7BD61D3C67CA}.Release|Any CPU.ActiveCfg = Release|Any CPU
		{D9768308-AEDD-7202-7049-7BD61D3C67CA}.Release|Any CPU.Build.0 = Release|Any CPU
		{D9768308-AEDD-7202-7049-7BD61D3C67CA}.Release|x64.ActiveCfg = Release|Any CPU
		{D9768308-AEDD-7202-7049-7BD61D3C67CA}.Release|x64.Build.0 = Release|Any CPU
		{D9768308-AEDD-7202-7049-7BD61D3C67CA}.Release|x86.ActiveCfg = Release|Any CPU
		{D9768308-AEDD-7202-7049-7BD61D3C67CA}.Release|x86.Build.0 = Release|Any CPU
		{044CEDFE-14F2-F43C-DA9B-ACB3A7164308}.Debug|Any CPU.ActiveCfg = Debug|Any CPU
		{044CEDFE-14F2-F43C-DA9B-ACB3A7164308}.Debug|Any CPU.Build.0 = Debug|Any CPU
		{044CEDFE-14F2-F43C-DA9B-ACB3A7164308}.Debug|x64.ActiveCfg = Debug|Any CPU
		{044CEDFE-14F2-F43C-DA9B-ACB3A7164308}.Debug|x64.Build.0 = Debug|Any CPU
		{044CEDFE-14F2-F43C-DA9B-ACB3A7164308}.Debug|x86.ActiveCfg = Debug|Any CPU
		{044CEDFE-14F2-F43C-DA9B-ACB3A7164308}.Debug|x86.Build.0 = Debug|Any CPU
		{044CEDFE-14F2-F43C-DA9B-ACB3A7164308}.Release|Any CPU.ActiveCfg = Release|Any CPU
		{044CEDFE-14F2-F43C-DA9B-ACB3A7164308}.Release|Any CPU.Build.0 = Release|Any CPU
		{044CEDFE-14F2-F43C-DA9B-ACB3A7164308}.Release|x64.ActiveCfg = Release|Any CPU
		{044CEDFE-14F2-F43C-DA9B-ACB3A7164308}.Release|x64.Build.0 = Release|Any CPU
		{044CEDFE-14F2-F43C-DA9B-ACB3A7164308}.Release|x86.ActiveCfg = Release|Any CPU
		{044CEDFE-14F2-F43C-DA9B-ACB3A7164308}.Release|x86.Build.0 = Release|Any CPU
		{61A63277-31BB-4186-B6BE-393814EE3DB3}.Debug|Any CPU.ActiveCfg = Debug|Any CPU
		{61A63277-31BB-4186-B6BE-393814EE3DB3}.Debug|Any CPU.Build.0 = Debug|Any CPU
		{61A63277-31BB-4186-B6BE-393814EE3DB3}.Debug|x64.ActiveCfg = Debug|Any CPU
		{61A63277-31BB-4186-B6BE-393814EE3DB3}.Debug|x64.Build.0 = Debug|Any CPU
		{61A63277-31BB-4186-B6BE-393814EE3DB3}.Debug|x86.ActiveCfg = Debug|Any CPU
		{61A63277-31BB-4186-B6BE-393814EE3DB3}.Debug|x86.Build.0 = Debug|Any CPU
		{61A63277-31BB-4186-B6BE-393814EE3DB3}.Release|Any CPU.ActiveCfg = Release|Any CPU
		{61A63277-31BB-4186-B6BE-393814EE3DB3}.Release|Any CPU.Build.0 = Release|Any CPU
		{61A63277-31BB-4186-B6BE-393814EE3DB3}.Release|x64.ActiveCfg = Release|Any CPU
		{61A63277-31BB-4186-B6BE-393814EE3DB3}.Release|x64.Build.0 = Release|Any CPU
		{61A63277-31BB-4186-B6BE-393814EE3DB3}.Release|x86.ActiveCfg = Release|Any CPU
		{61A63277-31BB-4186-B6BE-393814EE3DB3}.Release|x86.Build.0 = Release|Any CPU
		{EF2A6F27-6A88-9CD4-DC6B-A782F1F9C514}.Debug|Any CPU.ActiveCfg = Debug|Any CPU
		{EF2A6F27-6A88-9CD4-DC6B-A782F1F9C514}.Debug|Any CPU.Build.0 = Debug|Any CPU
		{EF2A6F27-6A88-9CD4-DC6B-A782F1F9C514}.Debug|x64.ActiveCfg = Debug|Any CPU
		{EF2A6F27-6A88-9CD4-DC6B-A782F1F9C514}.Debug|x64.Build.0 = Debug|Any CPU
		{EF2A6F27-6A88-9CD4-DC6B-A782F1F9C514}.Debug|x86.ActiveCfg = Debug|Any CPU
		{EF2A6F27-6A88-9CD4-DC6B-A782F1F9C514}.Debug|x86.Build.0 = Debug|Any CPU
		{EF2A6F27-6A88-9CD4-DC6B-A782F1F9C514}.Release|Any CPU.ActiveCfg = Release|Any CPU
		{EF2A6F27-6A88-9CD4-DC6B-A782F1F9C514}.Release|Any CPU.Build.0 = Release|Any CPU
		{EF2A6F27-6A88-9CD4-DC6B-A782F1F9C514}.Release|x64.ActiveCfg = Release|Any CPU
		{EF2A6F27-6A88-9CD4-DC6B-A782F1F9C514}.Release|x64.Build.0 = Release|Any CPU
		{EF2A6F27-6A88-9CD4-DC6B-A782F1F9C514}.Release|x86.ActiveCfg = Release|Any CPU
		{EF2A6F27-6A88-9CD4-DC6B-A782F1F9C514}.Release|x86.Build.0 = Release|Any CPU
		{4A97425A-38E8-EBB2-DBDD-D79C3DF383CE}.Debug|Any CPU.ActiveCfg = Debug|Any CPU
		{4A97425A-38E8-EBB2-DBDD-D79C3DF383CE}.Debug|Any CPU.Build.0 = Debug|Any CPU
		{4A97425A-38E8-EBB2-DBDD-D79C3DF383CE}.Debug|x64.ActiveCfg = Debug|Any CPU
		{4A97425A-38E8-EBB2-DBDD-D79C3DF383CE}.Debug|x64.Build.0 = Debug|Any CPU
		{4A97425A-38E8-EBB2-DBDD-D79C3DF383CE}.Debug|x86.ActiveCfg = Debug|Any CPU
		{4A97425A-38E8-EBB2-DBDD-D79C3DF383CE}.Debug|x86.Build.0 = Debug|Any CPU
		{4A97425A-38E8-EBB2-DBDD-D79C3DF383CE}.Release|Any CPU.ActiveCfg = Release|Any CPU
		{4A97425A-38E8-EBB2-DBDD-D79C3DF383CE}.Release|Any CPU.Build.0 = Release|Any CPU
		{4A97425A-38E8-EBB2-DBDD-D79C3DF383CE}.Release|x64.ActiveCfg = Release|Any CPU
		{4A97425A-38E8-EBB2-DBDD-D79C3DF383CE}.Release|x64.Build.0 = Release|Any CPU
		{4A97425A-38E8-EBB2-DBDD-D79C3DF383CE}.Release|x86.ActiveCfg = Release|Any CPU
		{4A97425A-38E8-EBB2-DBDD-D79C3DF383CE}.Release|x86.Build.0 = Release|Any CPU
		{04FCED6E-9988-8E90-BE7F-569EB27A55C5}.Debug|Any CPU.ActiveCfg = Debug|Any CPU
		{04FCED6E-9988-8E90-BE7F-569EB27A55C5}.Debug|Any CPU.Build.0 = Debug|Any CPU
		{04FCED6E-9988-8E90-BE7F-569EB27A55C5}.Debug|x64.ActiveCfg = Debug|Any CPU
		{04FCED6E-9988-8E90-BE7F-569EB27A55C5}.Debug|x64.Build.0 = Debug|Any CPU
		{04FCED6E-9988-8E90-BE7F-569EB27A55C5}.Debug|x86.ActiveCfg = Debug|Any CPU
		{04FCED6E-9988-8E90-BE7F-569EB27A55C5}.Debug|x86.Build.0 = Debug|Any CPU
		{04FCED6E-9988-8E90-BE7F-569EB27A55C5}.Release|Any CPU.ActiveCfg = Release|Any CPU
		{04FCED6E-9988-8E90-BE7F-569EB27A55C5}.Release|Any CPU.Build.0 = Release|Any CPU
		{04FCED6E-9988-8E90-BE7F-569EB27A55C5}.Release|x64.ActiveCfg = Release|Any CPU
		{04FCED6E-9988-8E90-BE7F-569EB27A55C5}.Release|x64.Build.0 = Release|Any CPU
		{04FCED6E-9988-8E90-BE7F-569EB27A55C5}.Release|x86.ActiveCfg = Release|Any CPU
		{04FCED6E-9988-8E90-BE7F-569EB27A55C5}.Release|x86.Build.0 = Release|Any CPU
	EndGlobalSection
	GlobalSection(SolutionProperties) = preSolution
		HideSolutionNode = FALSE
	EndGlobalSection
	GlobalSection(ExtensibilityGlobals) = postSolution
		SolutionGuid = {6B7C7167-8E33-4036-88F9-C6F3CB26781A}
	EndGlobalSection
EndGlobal
