
Microsoft Visual Studio Solution File, Format Version 12.00
# Visual Studio Version 17
VisualStudioVersion = 17.5.2.0
MinimumVisualStudioVersion = 10.0.40219.1
Project("{FAE04EC0-301F-11D3-BF4B-00C04F79EFBC}") = "Tests", "Tests\Tests.csproj", "{EFD185AE-5554-42A8-87B4-12446430FAF8}"
EndProject
Project("{2150E333-8FDC-42A3-9474-1A3956D46DE8}") = "Domain", "Domain", "{996CEBED-A05B-5D42-3FF0-982E087A2599}"
EndProject
Project("{FAE04EC0-301F-11D3-BF4B-00C04F79EFBC}") = "EventManagement.Domain", "Domain\EventManagement.Domain.csproj", "{EA338179-DED2-4FA0-8CF6-BB81014CD6D1}"
EndProject
Project("{2150E333-8FDC-42A3-9474-1A3956D46DE8}") = "Application", "Application", "{A74F262E-BDE7-D5D2-89E9-785413424D0A}"
EndProject
Project("{FAE04EC0-301F-11D3-BF4B-00C04F79EFBC}") = "EventManagement.Application", "Application\EventManagement.Application.csproj", "{AFB23D48-F8B3-4B02-A89E-2602472C5CC0}"
EndProject
Project("{2150E333-8FDC-42A3-9474-1A3956D46DE8}") = "Presentation", "Presentation", "{06CFFD70-14AA-A959-A3BA-1B15D094E3B1}"
EndProject
Project("{FAE04EC0-301F-11D3-BF4B-00C04F79EFBC}") = "EventManagement.Presentation", "Presentation\EventManagement.Presentation.csproj", "{26513E92-E9ED-48EB-B142-FDB8359F670A}"
EndProject
Project("{2150E333-8FDC-42A3-9474-1A3956D46DE8}") = "Infrastructure", "Infrastructure", "{DFEE68D8-A7D0-1A41-506C-9B74AA9A7B7B}"
EndProject
Project("{FAE04EC0-301F-11D3-BF4B-00C04F79EFBC}") = "EventManagement.Infrastructure", "Infrastructure\EventManagement.Infrastructure.csproj", "{DC6ADCE0-9FB2-46DE-BC25-C6560B37079B}"
EndProject
Global
	GlobalSection(SolutionConfigurationPlatforms) = preSolution
		Debug|Any CPU = Debug|Any CPU
		Debug|x64 = Debug|x64
		Debug|x86 = Debug|x86
		Release|Any CPU = Release|Any CPU
		Release|x64 = Release|x64
		Release|x86 = Release|x86
	EndGlobalSection
	GlobalSection(ProjectConfigurationPlatforms) = postSolution
		{EFD185AE-5554-42A8-87B4-12446430FAF8}.Debug|Any CPU.ActiveCfg = Debug|Any CPU
		{EFD185AE-5554-42A8-87B4-12446430FAF8}.Debug|Any CPU.Build.0 = Debug|Any CPU
		{EFD185AE-5554-42A8-87B4-12446430FAF8}.Debug|x64.ActiveCfg = Debug|Any CPU
		{EFD185AE-5554-42A8-87B4-12446430FAF8}.Debug|x64.Build.0 = Debug|Any CPU
		{EFD185AE-5554-42A8-87B4-12446430FAF8}.Debug|x86.ActiveCfg = Debug|Any CPU
		{EFD185AE-5554-42A8-87B4-12446430FAF8}.Debug|x86.Build.0 = Debug|Any CPU
		{EFD185AE-5554-42A8-87B4-12446430FAF8}.Release|Any CPU.ActiveCfg = Release|Any CPU
		{EFD185AE-5554-42A8-87B4-12446430FAF8}.Release|Any CPU.Build.0 = Release|Any CPU
		{EFD185AE-5554-42A8-87B4-12446430FAF8}.Release|x64.ActiveCfg = Release|Any CPU
		{EFD185AE-5554-42A8-87B4-12446430FAF8}.Release|x64.Build.0 = Release|Any CPU
		{EFD185AE-5554-42A8-87B4-12446430FAF8}.Release|x86.ActiveCfg = Release|Any CPU
		{EFD185AE-5554-42A8-87B4-12446430FAF8}.Release|x86.Build.0 = Release|Any CPU
		{EA338179-DED2-4FA0-8CF6-BB81014CD6D1}.Debug|Any CPU.ActiveCfg = Debug|Any CPU
		{EA338179-DED2-4FA0-8CF6-BB81014CD6D1}.Debug|Any CPU.Build.0 = Debug|Any CPU
		{EA338179-DED2-4FA0-8CF6-BB81014CD6D1}.Debug|x64.ActiveCfg = Debug|Any CPU
		{EA338179-DED2-4FA0-8CF6-BB81014CD6D1}.Debug|x64.Build.0 = Debug|Any CPU
		{EA338179-DED2-4FA0-8CF6-BB81014CD6D1}.Debug|x86.ActiveCfg = Debug|Any CPU
		{EA338179-DED2-4FA0-8CF6-BB81014CD6D1}.Debug|x86.Build.0 = Debug|Any CPU
		{EA338179-DED2-4FA0-8CF6-BB81014CD6D1}.Release|Any CPU.ActiveCfg = Release|Any CPU
		{EA338179-DED2-4FA0-8CF6-BB81014CD6D1}.Release|Any CPU.Build.0 = Release|Any CPU
		{EA338179-DED2-4FA0-8CF6-BB81014CD6D1}.Release|x64.ActiveCfg = Release|Any CPU
		{EA338179-DED2-4FA0-8CF6-BB81014CD6D1}.Release|x64.Build.0 = Release|Any CPU
		{EA338179-DED2-4FA0-8CF6-BB81014CD6D1}.Release|x86.ActiveCfg = Release|Any CPU
		{EA338179-DED2-4FA0-8CF6-BB81014CD6D1}.Release|x86.Build.0 = Release|Any CPU
		{AFB23D48-F8B3-4B02-A89E-2602472C5CC0}.Debug|Any CPU.ActiveCfg = Debug|Any CPU
		{AFB23D48-F8B3-4B02-A89E-2602472C5CC0}.Debug|Any CPU.Build.0 = Debug|Any CPU
		{AFB23D48-F8B3-4B02-A89E-2602472C5CC0}.Debug|x64.ActiveCfg = Debug|Any CPU
		{AFB23D48-F8B3-4B02-A89E-2602472C5CC0}.Debug|x64.Build.0 = Debug|Any CPU
		{AFB23D48-F8B3-4B02-A89E-2602472C5CC0}.Debug|x86.ActiveCfg = Debug|Any CPU
		{AFB23D48-F8B3-4B02-A89E-2602472C5CC0}.Debug|x86.Build.0 = Debug|Any CPU
		{AFB23D48-F8B3-4B02-A89E-2602472C5CC0}.Release|Any CPU.ActiveCfg = Release|Any CPU
		{AFB23D48-F8B3-4B02-A89E-2602472C5CC0}.Release|Any CPU.Build.0 = Release|Any CPU
		{AFB23D48-F8B3-4B02-A89E-2602472C5CC0}.Release|x64.ActiveCfg = Release|Any CPU
		{AFB23D48-F8B3-4B02-A89E-2602472C5CC0}.Release|x64.Build.0 = Release|Any CPU
		{AFB23D48-F8B3-4B02-A89E-2602472C5CC0}.Release|x86.ActiveCfg = Release|Any CPU
		{AFB23D48-F8B3-4B02-A89E-2602472C5CC0}.Release|x86.Build.0 = Release|Any CPU
		{26513E92-E9ED-48EB-B142-FDB8359F670A}.Debug|Any CPU.ActiveCfg = Debug|Any CPU
		{26513E92-E9ED-48EB-B142-FDB8359F670A}.Debug|Any CPU.Build.0 = Debug|Any CPU
		{26513E92-E9ED-48EB-B142-FDB8359F670A}.Debug|x64.ActiveCfg = Debug|Any CPU
		{26513E92-E9ED-48EB-B142-FDB8359F670A}.Debug|x64.Build.0 = Debug|Any CPU
		{26513E92-E9ED-48EB-B142-FDB8359F670A}.Debug|x86.ActiveCfg = Debug|Any CPU
		{26513E92-E9ED-48EB-B142-FDB8359F670A}.Debug|x86.Build.0 = Debug|Any CPU
		{26513E92-E9ED-48EB-B142-FDB8359F670A}.Release|Any CPU.ActiveCfg = Release|Any CPU
		{26513E92-E9ED-48EB-B142-FDB8359F670A}.Release|Any CPU.Build.0 = Release|Any CPU
		{26513E92-E9ED-48EB-B142-FDB8359F670A}.Release|x64.ActiveCfg = Release|Any CPU
		{26513E92-E9ED-48EB-B142-FDB8359F670A}.Release|x64.Build.0 = Release|Any CPU
		{26513E92-E9ED-48EB-B142-FDB8359F670A}.Release|x86.ActiveCfg = Release|Any CPU
		{26513E92-E9ED-48EB-B142-FDB8359F670A}.Release|x86.Build.0 = Release|Any CPU
		{DC6ADCE0-9FB2-46DE-BC25-C6560B37079B}.Debug|Any CPU.ActiveCfg = Debug|Any CPU
		{DC6ADCE0-9FB2-46DE-BC25-C6560B37079B}.Debug|Any CPU.Build.0 = Debug|Any CPU
		{DC6ADCE0-9FB2-46DE-BC25-C6560B37079B}.Debug|x64.ActiveCfg = Debug|Any CPU
		{DC6ADCE0-9FB2-46DE-BC25-C6560B37079B}.Debug|x64.Build.0 = Debug|Any CPU
		{DC6ADCE0-9FB2-46DE-BC25-C6560B37079B}.Debug|x86.ActiveCfg = Debug|Any CPU
		{DC6ADCE0-9FB2-46DE-BC25-C6560B37079B}.Debug|x86.Build.0 = Debug|Any CPU
		{DC6ADCE0-9FB2-46DE-BC25-C6560B37079B}.Release|Any CPU.ActiveCfg = Release|Any CPU
		{DC6ADCE0-9FB2-46DE-BC25-C6560B37079B}.Release|Any CPU.Build.0 = Release|Any CPU
		{DC6ADCE0-9FB2-46DE-BC25-C6560B37079B}.Release|x64.ActiveCfg = Release|Any CPU
		{DC6ADCE0-9FB2-46DE-BC25-C6560B37079B}.Release|x64.Build.0 = Release|Any CPU
		{DC6ADCE0-9FB2-46DE-BC25-C6560B37079B}.Release|x86.ActiveCfg = Release|Any CPU
		{DC6ADCE0-9FB2-46DE-BC25-C6560B37079B}.Release|x86.Build.0 = Release|Any CPU
	EndGlobalSection
	GlobalSection(SolutionProperties) = preSolution
		HideSolutionNode = FALSE
	EndGlobalSection
	GlobalSection(NestedProjects) = preSolution
		{EA338179-DED2-4FA0-8CF6-BB81014CD6D1} = {996CEBED-A05B-5D42-3FF0-982E087A2599}
		{AFB23D48-F8B3-4B02-A89E-2602472C5CC0} = {A74F262E-BDE7-D5D2-89E9-785413424D0A}
		{26513E92-E9ED-48EB-B142-FDB8359F670A} = {06CFFD70-14AA-A959-A3BA-1B15D094E3B1}
		{DC6ADCE0-9FB2-46DE-BC25-C6560B37079B} = {DFEE68D8-A7D0-1A41-506C-9B74AA9A7B7B}
	EndGlobalSection
	GlobalSection(ExtensibilityGlobals) = postSolution
		SolutionGuid = {6B7C7167-8E33-4036-88F9-C6F3CB26781A}
	EndGlobalSection
EndGlobal
